
Microsoft Visual Studio Solution File, Format Version 12.00
# Visual Studio 15
VisualStudioVersion = 15.0.28307.168
MinimumVisualStudioVersion = 10.0.40219.1
Project("{FAE04EC0-301F-11D3-BF4B-00C04F79EFBC}") = "Barycenter", "Barycenter\Barycenter.csproj", "{8F86E5EB-539C-40AE-A5E7-626A972F9AA4}"
EndProject
Global
	GlobalSection(SolutionConfigurationPlatforms) = preSolution
		Debug|Any CPU = Debug|Any CPU
		Release|Any CPU = Release|Any CPU
	EndGlobalSection
	GlobalSection(ProjectConfigurationPlatforms) = postSolution
		{8F86E5EB-539C-40AE-A5E7-626A972F9AA4}.Debug|Any CPU.ActiveCfg = Debug|Any CPU
		{8F86E5EB-539C-40AE-A5E7-626A972F9AA4}.Debug|Any CPU.Build.0 = Debug|Any CPU
		{8F86E5EB-539C-40AE-A5E7-626A972F9AA4}.Release|Any CPU.ActiveCfg = Release|Any CPU
		{8F86E5EB-539C-40AE-A5E7-626A972F9AA4}.Release|Any CPU.Build.0 = Release|Any CPU
	EndGlobalSection
	GlobalSection(SolutionProperties) = preSolution
		HideSolutionNode = FALSE
	EndGlobalSection
	GlobalSection(ExtensibilityGlobals) = postSolution
		SolutionGuid = {CD1E11F0-DE1A-4C59-919F-24A82016F844}
	EndGlobalSection
EndGlobal
