
Microsoft Visual Studio Solution File, Format Version 12.00
# Visual Studio 15
VisualStudioVersion = 15.0.28307.168
MinimumVisualStudioVersion = 10.0.40219.1
Project("{FAE04EC0-301F-11D3-BF4B-00C04F79EFBC}") = "FindTheSlope", "FindTheSlope\FindTheSlope.csproj", "{9D038039-5F63-400E-A4EC-258DB0E6852D}"
EndProject
Global
	GlobalSection(SolutionConfigurationPlatforms) = preSolution
		Debug|Any CPU = Debug|Any CPU
		Release|Any CPU = Release|Any CPU
	EndGlobalSection
	GlobalSection(ProjectConfigurationPlatforms) = postSolution
		{9D038039-5F63-400E-A4EC-258DB0E6852D}.Debug|Any CPU.ActiveCfg = Debug|Any CPU
		{9D038039-5F63-400E-A4EC-258DB0E6852D}.Debug|Any CPU.Build.0 = Debug|Any CPU
		{9D038039-5F63-400E-A4EC-258DB0E6852D}.Release|Any CPU.ActiveCfg = Release|Any CPU
		{9D038039-5F63-400E-A4EC-258DB0E6852D}.Release|Any CPU.Build.0 = Release|Any CPU
	EndGlobalSection
	GlobalSection(SolutionProperties) = preSolution
		HideSolutionNode = FALSE
	EndGlobalSection
	GlobalSection(ExtensibilityGlobals) = postSolution
		SolutionGuid = {CCA15C4B-C033-4DB7-9909-B3403DC31B1F}
	EndGlobalSection
EndGlobal
