
Microsoft Visual Studio Solution File, Format Version 12.00
# Visual Studio 15
VisualStudioVersion = 15.0.28307.168
MinimumVisualStudioVersion = 10.0.40219.1
Project("{FAE04EC0-301F-11D3-BF4B-00C04F79EFBC}") = "SquareOrSquareRoot", "SquareOrSquareRoot\SquareOrSquareRoot.csproj", "{4048F89D-486A-4CC1-BF1D-EC0A0428E73F}"
EndProject
Global
	GlobalSection(SolutionConfigurationPlatforms) = preSolution
		Debug|Any CPU = Debug|Any CPU
		Release|Any CPU = Release|Any CPU
	EndGlobalSection
	GlobalSection(ProjectConfigurationPlatforms) = postSolution
		{4048F89D-486A-4CC1-BF1D-EC0A0428E73F}.Debug|Any CPU.ActiveCfg = Debug|Any CPU
		{4048F89D-486A-4CC1-BF1D-EC0A0428E73F}.Debug|Any CPU.Build.0 = Debug|Any CPU
		{4048F89D-486A-4CC1-BF1D-EC0A0428E73F}.Release|Any CPU.ActiveCfg = Release|Any CPU
		{4048F89D-486A-4CC1-BF1D-EC0A0428E73F}.Release|Any CPU.Build.0 = Release|Any CPU
	EndGlobalSection
	GlobalSection(SolutionProperties) = preSolution
		HideSolutionNode = FALSE
	EndGlobalSection
	GlobalSection(ExtensibilityGlobals) = postSolution
		SolutionGuid = {FA52466B-B80E-4C73-BFFE-8C9F37C225B2}
	EndGlobalSection
EndGlobal
