
Microsoft Visual Studio Solution File, Format Version 12.00
# Visual Studio 15
VisualStudioVersion = 15.0.28307.168
MinimumVisualStudioVersion = 10.0.40219.1
Project("{FAE04EC0-301F-11D3-BF4B-00C04F79EFBC}") = "PowerOf2", "PowerOf2\PowerOf2.csproj", "{CAD227C4-5859-42F1-B978-3C619216E8D4}"
EndProject
Global
	GlobalSection(SolutionConfigurationPlatforms) = preSolution
		Debug|Any CPU = Debug|Any CPU
		Release|Any CPU = Release|Any CPU
	EndGlobalSection
	GlobalSection(ProjectConfigurationPlatforms) = postSolution
		{CAD227C4-5859-42F1-B978-3C619216E8D4}.Debug|Any CPU.ActiveCfg = Debug|Any CPU
		{CAD227C4-5859-42F1-B978-3C619216E8D4}.Debug|Any CPU.Build.0 = Debug|Any CPU
		{CAD227C4-5859-42F1-B978-3C619216E8D4}.Release|Any CPU.ActiveCfg = Release|Any CPU
		{CAD227C4-5859-42F1-B978-3C619216E8D4}.Release|Any CPU.Build.0 = Release|Any CPU
	EndGlobalSection
	GlobalSection(SolutionProperties) = preSolution
		HideSolutionNode = FALSE
	EndGlobalSection
	GlobalSection(ExtensibilityGlobals) = postSolution
		SolutionGuid = {5F28684E-2BD5-45E7-894A-4353DB7030DB}
	EndGlobalSection
EndGlobal
