
Microsoft Visual Studio Solution File, Format Version 12.00
# Visual Studio 15
VisualStudioVersion = 15.0.28307.168
MinimumVisualStudioVersion = 10.0.40219.1
Project("{FAE04EC0-301F-11D3-BF4B-00C04F79EFBC}") = "StringRepeat", "StringRepeat\StringRepeat.csproj", "{5ECAE500-6004-4F2D-B19E-ED5E3F425B12}"
EndProject
Global
	GlobalSection(SolutionConfigurationPlatforms) = preSolution
		Debug|Any CPU = Debug|Any CPU
		Release|Any CPU = Release|Any CPU
	EndGlobalSection
	GlobalSection(ProjectConfigurationPlatforms) = postSolution
		{5ECAE500-6004-4F2D-B19E-ED5E3F425B12}.Debug|Any CPU.ActiveCfg = Debug|Any CPU
		{5ECAE500-6004-4F2D-B19E-ED5E3F425B12}.Debug|Any CPU.Build.0 = Debug|Any CPU
		{5ECAE500-6004-4F2D-B19E-ED5E3F425B12}.Release|Any CPU.ActiveCfg = Release|Any CPU
		{5ECAE500-6004-4F2D-B19E-ED5E3F425B12}.Release|Any CPU.Build.0 = Release|Any CPU
	EndGlobalSection
	GlobalSection(SolutionProperties) = preSolution
		HideSolutionNode = FALSE
	EndGlobalSection
	GlobalSection(ExtensibilityGlobals) = postSolution
		SolutionGuid = {F49E6B0A-152C-4F70-AD05-7C9793FDE938}
	EndGlobalSection
EndGlobal
