
Microsoft Visual Studio Solution File, Format Version 12.00
# Visual Studio 15
VisualStudioVersion = 15.0.28307.168
MinimumVisualStudioVersion = 10.0.40219.1
Project("{FAE04EC0-301F-11D3-BF4B-00C04F79EFBC}") = "FindTheParityOutlier", "FindTheParityOutlier\FindTheParityOutlier.csproj", "{C14C5BF1-98E3-4BE0-AA9F-15F9842FF1CA}"
EndProject
Global
	GlobalSection(SolutionConfigurationPlatforms) = preSolution
		Debug|Any CPU = Debug|Any CPU
		Release|Any CPU = Release|Any CPU
	EndGlobalSection
	GlobalSection(ProjectConfigurationPlatforms) = postSolution
		{C14C5BF1-98E3-4BE0-AA9F-15F9842FF1CA}.Debug|Any CPU.ActiveCfg = Debug|Any CPU
		{C14C5BF1-98E3-4BE0-AA9F-15F9842FF1CA}.Debug|Any CPU.Build.0 = Debug|Any CPU
		{C14C5BF1-98E3-4BE0-AA9F-15F9842FF1CA}.Release|Any CPU.ActiveCfg = Release|Any CPU
		{C14C5BF1-98E3-4BE0-AA9F-15F9842FF1CA}.Release|Any CPU.Build.0 = Release|Any CPU
	EndGlobalSection
	GlobalSection(SolutionProperties) = preSolution
		HideSolutionNode = FALSE
	EndGlobalSection
	GlobalSection(ExtensibilityGlobals) = postSolution
		SolutionGuid = {5741F7F0-D53C-4A9B-9428-BF0FCFC7BFC8}
	EndGlobalSection
EndGlobal
