
Microsoft Visual Studio Solution File, Format Version 12.00
# Visual Studio 15
VisualStudioVersion = 15.0.28307.168
MinimumVisualStudioVersion = 10.0.40219.1
Project("{FAE04EC0-301F-11D3-BF4B-00C04F79EFBC}") = "Vowel Remover", "Vowel Remover\Vowel Remover.csproj", "{73487886-24D8-472F-84F8-9A46A6AE6B3F}"
EndProject
Global
	GlobalSection(SolutionConfigurationPlatforms) = preSolution
		Debug|Any CPU = Debug|Any CPU
		Release|Any CPU = Release|Any CPU
	EndGlobalSection
	GlobalSection(ProjectConfigurationPlatforms) = postSolution
		{73487886-24D8-472F-84F8-9A46A6AE6B3F}.Debug|Any CPU.ActiveCfg = Debug|Any CPU
		{73487886-24D8-472F-84F8-9A46A6AE6B3F}.Debug|Any CPU.Build.0 = Debug|Any CPU
		{73487886-24D8-472F-84F8-9A46A6AE6B3F}.Release|Any CPU.ActiveCfg = Release|Any CPU
		{73487886-24D8-472F-84F8-9A46A6AE6B3F}.Release|Any CPU.Build.0 = Release|Any CPU
	EndGlobalSection
	GlobalSection(SolutionProperties) = preSolution
		HideSolutionNode = FALSE
	EndGlobalSection
	GlobalSection(ExtensibilityGlobals) = postSolution
		SolutionGuid = {2F890980-0BBE-4392-B886-35D479EB5A9D}
	EndGlobalSection
EndGlobal
