
Microsoft Visual Studio Solution File, Format Version 12.00
# Visual Studio 15
VisualStudioVersion = 15.0.28307.168
MinimumVisualStudioVersion = 10.0.40219.1
Project("{FAE04EC0-301F-11D3-BF4B-00C04F79EFBC}") = "SumOfDigits", "SumOfDigits\SumOfDigits.csproj", "{0987B998-A828-4540-97C0-2B6E604317F8}"
EndProject
Global
	GlobalSection(SolutionConfigurationPlatforms) = preSolution
		Debug|Any CPU = Debug|Any CPU
		Release|Any CPU = Release|Any CPU
	EndGlobalSection
	GlobalSection(ProjectConfigurationPlatforms) = postSolution
		{0987B998-A828-4540-97C0-2B6E604317F8}.Debug|Any CPU.ActiveCfg = Debug|Any CPU
		{0987B998-A828-4540-97C0-2B6E604317F8}.Debug|Any CPU.Build.0 = Debug|Any CPU
		{0987B998-A828-4540-97C0-2B6E604317F8}.Release|Any CPU.ActiveCfg = Release|Any CPU
		{0987B998-A828-4540-97C0-2B6E604317F8}.Release|Any CPU.Build.0 = Release|Any CPU
	EndGlobalSection
	GlobalSection(SolutionProperties) = preSolution
		HideSolutionNode = FALSE
	EndGlobalSection
	GlobalSection(ExtensibilityGlobals) = postSolution
		SolutionGuid = {444E8FB7-8BD3-4AA2-9E3D-7DCF3C7D9DBE}
	EndGlobalSection
EndGlobal
