
Microsoft Visual Studio Solution File, Format Version 12.00
# Visual Studio 15
VisualStudioVersion = 15.0.27703.2026
MinimumVisualStudioVersion = 10.0.40219.1
Project("{FAE04EC0-301F-11D3-BF4B-00C04F79EFBC}") = "A+B", "A+B\A+B.csproj", "{FE1DF5DD-76A8-4F54-815D-FD6051ACABCA}"
EndProject
Global
	GlobalSection(SolutionConfigurationPlatforms) = preSolution
		Debug|Any CPU = Debug|Any CPU
		Release|Any CPU = Release|Any CPU
	EndGlobalSection
	GlobalSection(ProjectConfigurationPlatforms) = postSolution
		{FE1DF5DD-76A8-4F54-815D-FD6051ACABCA}.Debug|Any CPU.ActiveCfg = Debug|Any CPU
		{FE1DF5DD-76A8-4F54-815D-FD6051ACABCA}.Debug|Any CPU.Build.0 = Debug|Any CPU
		{FE1DF5DD-76A8-4F54-815D-FD6051ACABCA}.Release|Any CPU.ActiveCfg = Release|Any CPU
		{FE1DF5DD-76A8-4F54-815D-FD6051ACABCA}.Release|Any CPU.Build.0 = Release|Any CPU
	EndGlobalSection
	GlobalSection(SolutionProperties) = preSolution
		HideSolutionNode = FALSE
	EndGlobalSection
	GlobalSection(ExtensibilityGlobals) = postSolution
		SolutionGuid = {6836C62F-7EFD-44DB-93C3-2AFE0C077792}
	EndGlobalSection
EndGlobal
