
Microsoft Visual Studio Solution File, Format Version 12.00
# Visual Studio 15
VisualStudioVersion = 15.0.28307.168
MinimumVisualStudioVersion = 10.0.40219.1
Project("{FAE04EC0-301F-11D3-BF4B-00C04F79EFBC}") = "AddMoreItemToListBugFixes", "AddMoreItemToListBugFixes\AddMoreItemToListBugFixes.csproj", "{5FF346D6-0CDE-4D94-96BF-CEA4F8ADF98A}"
EndProject
Global
	GlobalSection(SolutionConfigurationPlatforms) = preSolution
		Debug|Any CPU = Debug|Any CPU
		Release|Any CPU = Release|Any CPU
	EndGlobalSection
	GlobalSection(ProjectConfigurationPlatforms) = postSolution
		{5FF346D6-0CDE-4D94-96BF-CEA4F8ADF98A}.Debug|Any CPU.ActiveCfg = Debug|Any CPU
		{5FF346D6-0CDE-4D94-96BF-CEA4F8ADF98A}.Debug|Any CPU.Build.0 = Debug|Any CPU
		{5FF346D6-0CDE-4D94-96BF-CEA4F8ADF98A}.Release|Any CPU.ActiveCfg = Release|Any CPU
		{5FF346D6-0CDE-4D94-96BF-CEA4F8ADF98A}.Release|Any CPU.Build.0 = Release|Any CPU
	EndGlobalSection
	GlobalSection(SolutionProperties) = preSolution
		HideSolutionNode = FALSE
	EndGlobalSection
	GlobalSection(ExtensibilityGlobals) = postSolution
		SolutionGuid = {4C5E5DA5-0995-4FE9-98E7-E1EC8C679ED3}
	EndGlobalSection
EndGlobal
