
Microsoft Visual Studio Solution File, Format Version 12.00
# Visual Studio 15
VisualStudioVersion = 15.0.28307.168
MinimumVisualStudioVersion = 10.0.40219.1
Project("{FAE04EC0-301F-11D3-BF4B-00C04F79EFBC}") = "FakeBinary", "FakeBinary\FakeBinary.csproj", "{C3036946-7FD8-4AF1-A1B8-80A80C3C1D0A}"
EndProject
Global
	GlobalSection(SolutionConfigurationPlatforms) = preSolution
		Debug|Any CPU = Debug|Any CPU
		Release|Any CPU = Release|Any CPU
	EndGlobalSection
	GlobalSection(ProjectConfigurationPlatforms) = postSolution
		{C3036946-7FD8-4AF1-A1B8-80A80C3C1D0A}.Debug|Any CPU.ActiveCfg = Debug|Any CPU
		{C3036946-7FD8-4AF1-A1B8-80A80C3C1D0A}.Debug|Any CPU.Build.0 = Debug|Any CPU
		{C3036946-7FD8-4AF1-A1B8-80A80C3C1D0A}.Release|Any CPU.ActiveCfg = Release|Any CPU
		{C3036946-7FD8-4AF1-A1B8-80A80C3C1D0A}.Release|Any CPU.Build.0 = Release|Any CPU
	EndGlobalSection
	GlobalSection(SolutionProperties) = preSolution
		HideSolutionNode = FALSE
	EndGlobalSection
	GlobalSection(ExtensibilityGlobals) = postSolution
		SolutionGuid = {9DC0FBE5-8260-4C30-A6CD-7165ED6192D6}
	EndGlobalSection
EndGlobal
