
Microsoft Visual Studio Solution File, Format Version 12.00
# Visual Studio 15
VisualStudioVersion = 15.0.28307.168
MinimumVisualStudioVersion = 10.0.40219.1
Project("{FAE04EC0-301F-11D3-BF4B-00C04F79EFBC}") = "Hoop", "Hoop\Hoop.csproj", "{A5105DCB-23B3-424D-9C35-099C04A49568}"
EndProject
Global
	GlobalSection(SolutionConfigurationPlatforms) = preSolution
		Debug|Any CPU = Debug|Any CPU
		Release|Any CPU = Release|Any CPU
	EndGlobalSection
	GlobalSection(ProjectConfigurationPlatforms) = postSolution
		{A5105DCB-23B3-424D-9C35-099C04A49568}.Debug|Any CPU.ActiveCfg = Debug|Any CPU
		{A5105DCB-23B3-424D-9C35-099C04A49568}.Debug|Any CPU.Build.0 = Debug|Any CPU
		{A5105DCB-23B3-424D-9C35-099C04A49568}.Release|Any CPU.ActiveCfg = Release|Any CPU
		{A5105DCB-23B3-424D-9C35-099C04A49568}.Release|Any CPU.Build.0 = Release|Any CPU
	EndGlobalSection
	GlobalSection(SolutionProperties) = preSolution
		HideSolutionNode = FALSE
	EndGlobalSection
	GlobalSection(ExtensibilityGlobals) = postSolution
		SolutionGuid = {3E8B5064-B6D7-4661-811F-3B8AE4903715}
	EndGlobalSection
EndGlobal
